<?xml version="1.0" encoding="utf-8"?>
<Project ToolsVersion="4.0" xmlns="http://schemas.microsoft.com/developer/msbuild/2003">
  <ItemGroup>
    <Filter Include="リソース ファイル">
      <UniqueIdentifier>{67DA6AB6-F800-4c08-8B7A-83BB121AAD01}</UniqueIdentifier>
      <Extensions>rc;ico;cur;bmp;dlg;rc2;rct;bin;rgs;gif;jpg;jpeg;jpe;resx;tiff;tif;png;wav;mfcribbon-ms</Extensions>
    </Filter>
    <Filter Include="Lib">
      <UniqueIdentifier>{4FC737F1-C7A5-4376-A066-2A32D752A2FF}</UniqueIdentifier>
      <Extensions>cpp;c;cc;cxx;def;odl;idl;hpj;bat;asm;asmx</Extensions>
    </Filter>
    <Filter Include="work">
      <UniqueIdentifier>{93995380-89BD-4b04-88EB-625FBE52EBFB}</UniqueIdentifier>
      <Extensions>h;hh;hpp;hxx;hm;inl;inc;xsd</Extensions>
    </Filter>
    <Filter Include="work\Game">
      <UniqueIdentifier>{1786e796-dbc5-441b-952c-2152287d950d}</UniqueIdentifier>
    </Filter>
    <Filter Include="work\Support">
      <UniqueIdentifier>{09ab46dd-3041-4107-a448-1b432120af4c}</UniqueIdentifier>
    </Filter>
    <Filter Include="work\Game\Character">
      <UniqueIdentifier>{7866d552-3153-4dd5-a913-f97d1cc260b8}</UniqueIdentifier>
    </Filter>
    <Filter Include="work\Game\Character\Move">
      <UniqueIdentifier>{087e42ed-5312-48c2-a739-56e0041caf4b}</UniqueIdentifier>
    </Filter>
    <Filter Include="work\Game\Object">
      <UniqueIdentifier>{1225e39f-982e-4203-b290-79d837e04bc1}</UniqueIdentifier>
    </Filter>
  </ItemGroup>
  <ItemGroup>
    <ClCompile Include="AppManager.cpp">
      <Filter>work\Game</Filter>
    </ClCompile>
    <ClCompile Include="FileSaveClass.cpp">
      <Filter>work\Support</Filter>
    </ClCompile>
    <ClCompile Include="InputClass.cpp">
      <Filter>work\Support</Filter>
    </ClCompile>
    <ClCompile Include="MainFunction.cpp">
      <Filter>work\Support</Filter>
    </ClCompile>
    <ClCompile Include="Caluclation.cpp">
      <Filter>work\Support</Filter>
    </ClCompile>
    <ClCompile Include="PlayerClass.cpp">
      <Filter>work\Game\Character</Filter>
    </ClCompile>
    <ClCompile Include="MoveNormal.cpp">
      <Filter>work\Game\Character\Move</Filter>
    </ClCompile>
    <ClCompile Include="MoveDodge.cpp">
      <Filter>work\Game\Character\Move</Filter>
    </ClCompile>
    <ClCompile Include="MoveControl.cpp">
      <Filter>work\Game\Character\Move</Filter>
    </ClCompile>
    <ClCompile Include="ObjectBase.cpp">
      <Filter>work\Game\Object</Filter>
    </ClCompile>
    <ClCompile Include="MoverBase.cpp">
      <Filter>work\Game\Object</Filter>
    </ClCompile>
  </ItemGroup>
  <ItemGroup>
    <ClInclude Include="AppManager.h">
      <Filter>work\Game</Filter>
    </ClInclude>
    <ClInclude Include="FileSaveClass.h">
      <Filter>work\Support</Filter>
    </ClInclude>
    <ClInclude Include="SquareBase.h">
      <Filter>work\Support</Filter>
    </ClInclude>
    <ClInclude Include="InputClass.h">
      <Filter>work\Support</Filter>
    </ClInclude>
    <ClInclude Include="Easing.h">
      <Filter>work\Support</Filter>
    </ClInclude>
    <ClInclude Include="Calculation.h">
      <Filter>work\Support</Filter>
    </ClInclude>
    <ClInclude Include="PlayerClass.h">
      <Filter>work\Game\Character</Filter>
    </ClInclude>
    <ClInclude Include="MoveNormal.h">
      <Filter>work\Game\Character\Move</Filter>
    </ClInclude>
    <ClInclude Include="Vector2.h">
      <Filter>work\Support</Filter>
    </ClInclude>
    <ClInclude Include="MoveDodge.h">
      <Filter>work\Game\Character\Move</Filter>
    </ClInclude>
    <ClInclude Include="resource.h">
      <Filter>work</Filter>
    </ClInclude>
    <ClInclude Include="CharaInformation.h">
      <Filter>work\Game\Character</Filter>
    </ClInclude>
    <ClInclude Include="MoveInformation.h">
      <Filter>work\Game\Character\Move</Filter>
    </ClInclude>
    <ClInclude Include="MoveControl.h">
      <Filter>work\Game\Character\Move</Filter>
    </ClInclude>
    <ClInclude Include="Macro.h">
      <Filter>work\Support</Filter>
    </ClInclude>
    <ClInclude Include="ObjectBase.h">
      <Filter>work\Game\Object</Filter>
    </ClInclude>
    <ClInclude Include="MoverBase.h">
      <Filter>work\Game\Object</Filter>
    </ClInclude>
  </ItemGroup>
  <ItemGroup>
    <ResourceCompile Include="SurvivalDungeon.rc">
      <Filter>リソース ファイル</Filter>
    </ResourceCompile>
  </ItemGroup>
</Project>